Microsoft Visual Studio Solution File, Format Version 12.00
# Visual Studio Version 17
VisualStudioVersion = 17.0.31903.59
MinimumVisualStudioVersion = 10.0.40219.1
Project("{9A19103F-16F7-4668-BE54-9A1E7A4F7556}") = "ScreenSpell.Core", "Core\ScreenSpell.Core.csproj", "{F0243D21-F3B0-4C9C-8A1E-1B4F75560A3B}"
EndProject
Project("{9A19103F-16F7-4668-BE54-9A1E7A4F7556}") = "ScreenSpell.Capture", "Capture\ScreenSpell.Capture.csproj", "{A8E5C6B9-D1F2-4A7B-8C0D-9E6A5B1F0C2D}"
EndProject
Project("{9A19103F-16F7-4668-BE54-9A1E7A4F7556}") = "ScreenSpell.OCR", "OCR\ScreenSpell.OCR.csproj", "{B3F4A5C6-E7D8-4901-A2B3-4C5D6E7F8A90}"
EndProject
Project("{9A19103F-16F7-4668-BE54-9A1E7A4F7556}") = "ScreenSpell.SpellCheck", "SpellCheck\ScreenSpell.SpellCheck.csproj", "{C7D8E9F0-A1B2-4C3D-5E6F-7A8B9C0D1E2F}"
EndProject
Project("{9A19103F-16F7-4668-BE54-9A1E7A4F7556}") = "ScreenSpell.Overlay", "Overlay\ScreenSpell.Overlay.csproj", "{D1E2F3A4-B5C6-4D7E-8F9A-0B1C2D3E4F5A}"
EndProject
Project("{9A19103F-16F7-4668-BE54-9A1E7A4F7556}") = "ScreenSpell.Text", "Text\ScreenSpell.Text.csproj", "{E5F6A7B8-C9D0-4E1F-2A3B-4C5D6E7F8A9B}"
EndProject
Project("{9A19103F-16F7-4668-BE54-9A1E7A4F7556}") = "ScreenSpell.Cache", "Cache\ScreenSpell.Cache.csproj", "{F9A0B1C2-D3E4-4F5A-6B7C-8D9E0F1A2B3C}"
EndProject
Project("{9A19103F-16F7-4668-BE54-9A1E7A4F7556}") = "ScreenSpell.Settings", "Settings\ScreenSpell.Settings.csproj", "{1A2B3C4D-5E6F-4789-ABCD-EF0123456789}"
EndProject
Project("{9A19103F-16F7-4668-BE54-9A1E7A4F7556}") = "ScreenSpell.Tray", "Tray\ScreenSpell.Tray.csproj", "{2F3E4D5C-6B7A-4901-8234-567890ABCDEF}"
EndProject
Project("{9A19103F-16F7-4668-BE54-9A1E7A4F7556}") = "ScreenSpell.Main", "Main\ScreenSpell.Main.csproj", "{3B4A5C6D-7E8F-4901-A2B3-4C5D6E7F8A90}"
EndProject
Project("{FAE04EC0-301F-11D3-BF4B-00C04F79EFBC}") = "ScreenSpell.Tests", "Tests\ScreenSpell.Tests.csproj", "{C9F9123D-82E1-42CF-A891-75C26BF14B6E}"
EndProject
Global
	GlobalSection(SolutionConfigurationPlatforms) = preSolution
		Debug|Any CPU = Debug|Any CPU
		Release|Any CPU = Release|Any CPU
	EndGlobalSection
	GlobalSection(ProjectConfigurationPlatforms) = postSolution
		{F0243D21-F3B0-4C9C-8A1E-1B4F75560A3B}.Debug|Any CPU.ActiveCfg = Debug|Any CPU
		{F0243D21-F3B0-4C9C-8A1E-1B4F75560A3B}.Debug|Any CPU.Build.0 = Debug|Any CPU
		{F0243D21-F3B0-4C9C-8A1E-1B4F75560A3B}.Release|Any CPU.ActiveCfg = Release|Any CPU
		{F0243D21-F3B0-4C9C-8A1E-1B4F75560A3B}.Release|Any CPU.Build.0 = Release|Any CPU
		{A8E5C6B9-D1F2-4A7B-8C0D-9E6A5B1F0C2D}.Debug|Any CPU.ActiveCfg = Debug|Any CPU
		{A8E5C6B9-D1F2-4A7B-8C0D-9E6A5B1F0C2D}.Debug|Any CPU.Build.0 = Debug|Any CPU
		{A8E5C6B9-D1F2-4A7B-8C0D-9E6A5B1F0C2D}.Release|Any CPU.ActiveCfg = Release|Any CPU
		{A8E5C6B9-D1F2-4A7B-8C0D-9E6A5B1F0C2D}.Release|Any CPU.Build.0 = Release|Any CPU
		{B3F4A5C6-E7D8-4901-A2B3-4C5D6E7F8A90}.Debug|Any CPU.ActiveCfg = Debug|Any CPU
		{B3F4A5C6-E7D8-4901-A2B3-4C5D6E7F8A90}.Debug|Any CPU.Build.0 = Debug|Any CPU
		{B3F4A5C6-E7D8-4901-A2B3-4C5D6E7F8A90}.Release|Any CPU.ActiveCfg = Release|Any CPU
		{B3F4A5C6-E7D8-4901-A2B3-4C5D6E7F8A90}.Release|Any CPU.Build.0 = Release|Any CPU
		{C7D8E9F0-A1B2-4C3D-5E6F-7A8B9C0D1E2F}.Debug|Any CPU.ActiveCfg = Debug|Any CPU
		{C7D8E9F0-A1B2-4C3D-5E6F-7A8B9C0D1E2F}.Debug|Any CPU.Build.0 = Debug|Any CPU
		{C7D8E9F0-A1B2-4C3D-5E6F-7A8B9C0D1E2F}.Release|Any CPU.ActiveCfg = Release|Any CPU
		{C7D8E9F0-A1B2-4C3D-5E6F-7A8B9C0D1E2F}.Release|Any CPU.Build.0 = Release|Any CPU
		{D1E2F3A4-B5C6-4D7E-8F9A-0B1C2D3E4F5A}.Debug|Any CPU.ActiveCfg = Debug|Any CPU
		{D1E2F3A4-B5C6-4D7E-8F9A-0B1C2D3E4F5A}.Debug|Any CPU.Build.0 = Debug|Any CPU
		{D1E2F3A4-B5C6-4D7E-8F9A-0B1C2D3E4F5A}.Release|Any CPU.ActiveCfg = Release|Any CPU
		{D1E2F3A4-B5C6-4D7E-8F9A-0B1C2D3E4F5A}.Release|Any CPU.Build.0 = Release|Any CPU
		{E5F6A7B8-C9D0-4E1F-2A3B-4C5D6E7F8A9B}.Debug|Any CPU.ActiveCfg = Debug|Any CPU
		{E5F6A7B8-C9D0-4E1F-2A3B-4C5D6E7F8A9B}.Debug|Any CPU.Build.0 = Debug|Any CPU
		{E5F6A7B8-C9D0-4E1F-2A3B-4C5D6E7F8A9B}.Release|Any CPU.ActiveCfg = Release|Any CPU
		{E5F6A7B8-C9D0-4E1F-2A3B-4C5D6E7F8A9B}.Release|Any CPU.Build.0 = Release|Any CPU
		{F9A0B1C2-D3E4-4F5A-6B7C-8D9E0F1A2B3C}.Debug|Any CPU.ActiveCfg = Debug|Any CPU
		{F9A0B1C2-D3E4-4F5A-6B7C-8D9E0F1A2B3C}.Debug|Any CPU.Build.0 = Debug|Any CPU
		{F9A0B1C2-D3E4-4F5A-6B7C-8D9E0F1A2B3C}.Release|Any CPU.ActiveCfg = Release|Any CPU
		{F9A0B1C2-D3E4-4F5A-6B7C-8D9E0F1A2B3C}.Release|Any CPU.Build.0 = Release|Any CPU
		{1A2B3C4D-5E6F-4789-ABCD-EF0123456789}.Debug|Any CPU.ActiveCfg = Debug|Any CPU
		{1A2B3C4D-5E6F-4789-ABCD-EF0123456789}.Debug|Any CPU.Build.0 = Debug|Any CPU
		{1A2B3C4D-5E6F-4789-ABCD-EF0123456789}.Release|Any CPU.ActiveCfg = Release|Any CPU
		{1A2B3C4D-5E6F-4789-ABCD-EF0123456789}.Release|Any CPU.Build.0 = Release|Any CPU
		{2F3E4D5C-6B7A-4901-8234-567890ABCDEF}.Debug|Any CPU.ActiveCfg = Debug|Any CPU
		{2F3E4D5C-6B7A-4901-8234-567890ABCDEF}.Debug|Any CPU.Build.0 = Debug|Any CPU
		{2F3E4D5C-6B7A-4901-8234-567890ABCDEF}.Release|Any CPU.ActiveCfg = Release|Any CPU
		{2F3E4D5C-6B7A-4901-8234-567890ABCDEF}.Release|Any CPU.Build.0 = Release|Any CPU
		{3B4A5C6D-7E8F-4901-A2B3-4C5D6E7F8A90}.Debug|Any CPU.ActiveCfg = Debug|Any CPU
		{3B4A5C6D-7E8F-4901-A2B3-4C5D6E7F8A90}.Debug|Any CPU.Build.0 = Debug|Any CPU
		{3B4A5C6D-7E8F-4901-A2B3-4C5D6E7F8A90}.Release|Any CPU.ActiveCfg = Release|Any CPU
		{3B4A5C6D-7E8F-4901-A2B3-4C5D6E7F8A90}.Release|Any CPU.Build.0 = Release|Any CPU
		{C9F9123D-82E1-42CF-A891-75C26BF14B6E}.Debug|Any CPU.ActiveCfg = Debug|Any CPU
		{C9F9123D-82E1-42CF-A891-75C26BF14B6E}.Debug|Any CPU.Build.0 = Debug|Any CPU
		{C9F9123D-82E1-42CF-A891-75C26BF14B6E}.Release|Any CPU.ActiveCfg = Release|Any CPU
		{C9F9123D-82E1-42CF-A891-75C26BF14B6E}.Release|Any CPU.Build.0 = Release|Any CPU
	EndGlobalSection
	GlobalSection(SolutionProperties) = preSolution
		HideSolutionNode = FALSE
	EndGlobalSection
EndGlobal
